
Microsoft Visual Studio Solution File, Format Version 12.00
# Visual Studio 15
VisualStudioVersion = 15.0.28307.1145
MinimumVisualStudioVersion = 10.0.40219.1
Project("{FAE04EC0-301F-11D3-BF4B-00C04F79EFBC}") = "DantesInferno", "DantesInferno\DantesInferno.csproj", "{0ED6DEA1-AA40-4705-8C54-ED4A7CD1D23B}"
EndProject
Project("{FAE04EC0-301F-11D3-BF4B-00C04F79EFBC}") = "characterLibrary", "characterLibrary\characterLibrary.csproj", "{90DE8605-E9AB-40DF-AAAF-5ECC49D425E7}"
EndProject
Project("{FAE04EC0-301F-11D3-BF4B-00C04F79EFBC}") = "Testing", "Testing\Testing.csproj", "{4248ED4B-13BB-4F25-A5D5-6E9EA3422566}"
EndProject
Global
	GlobalSection(SolutionConfigurationPlatforms) = preSolution
		Debug|Any CPU = Debug|Any CPU
		Release|Any CPU = Release|Any CPU
	EndGlobalSection
	GlobalSection(ProjectConfigurationPlatforms) = postSolution
		{0ED6DEA1-AA40-4705-8C54-ED4A7CD1D23B}.Debug|Any CPU.ActiveCfg = Debug|Any CPU
		{0ED6DEA1-AA40-4705-8C54-ED4A7CD1D23B}.Debug|Any CPU.Build.0 = Debug|Any CPU
		{0ED6DEA1-AA40-4705-8C54-ED4A7CD1D23B}.Release|Any CPU.ActiveCfg = Release|Any CPU
		{0ED6DEA1-AA40-4705-8C54-ED4A7CD1D23B}.Release|Any CPU.Build.0 = Release|Any CPU
		{90DE8605-E9AB-40DF-AAAF-5ECC49D425E7}.Debug|Any CPU.ActiveCfg = Debug|Any CPU
		{90DE8605-E9AB-40DF-AAAF-5ECC49D425E7}.Debug|Any CPU.Build.0 = Debug|Any CPU
		{90DE8605-E9AB-40DF-AAAF-5ECC49D425E7}.Release|Any CPU.ActiveCfg = Release|Any CPU
		{90DE8605-E9AB-40DF-AAAF-5ECC49D425E7}.Release|Any CPU.Build.0 = Release|Any CPU
		{4248ED4B-13BB-4F25-A5D5-6E9EA3422566}.Debug|Any CPU.ActiveCfg = Debug|Any CPU
		{4248ED4B-13BB-4F25-A5D5-6E9EA3422566}.Debug|Any CPU.Build.0 = Debug|Any CPU
		{4248ED4B-13BB-4F25-A5D5-6E9EA3422566}.Release|Any CPU.ActiveCfg = Release|Any CPU
		{4248ED4B-13BB-4F25-A5D5-6E9EA3422566}.Release|Any CPU.Build.0 = Release|Any CPU
	EndGlobalSection
	GlobalSection(SolutionProperties) = preSolution
		HideSolutionNode = FALSE
	EndGlobalSection
	GlobalSection(ExtensibilityGlobals) = postSolution
		SolutionGuid = {54DEFDD6-C25B-4703-A3C2-0CD087FB4580}
	EndGlobalSection
EndGlobal
